Microsoft Visual Studio Solution File, Format Version 12.00
# Visual Studio Version 17
VisualStudioVersion = 17.5.2.0
MinimumVisualStudioVersion = 10.0.40219.1
Project("{FAE04EC0-301F-11D3-BF4B-00C04F79EFBC}") = "FinancialControl.API", "FinancialControl.API\FinancialControl.API.csproj", "{ACEB6105-85CC-1F0B-0676-43D89B758F43}"
EndProject
Project("{FAE04EC0-301F-11D3-BF4B-00C04F79EFBC}") = "FinancialControl.Tests", "FinancialControl.Tests\FinancialControl.Tests.csproj", "{55BAEB8A-9C38-4754-BB00-B1DC2B348F01}"
EndProject
Global
	GlobalSection(SolutionConfigurationPlatforms) = preSolution
		Debug|Any CPU = Debug|Any CPU
		Release|Any CPU = Release|Any CPU
	EndGlobalSection
	GlobalSection(ProjectConfigurationPlatforms) = postSolution
		{ACEB6105-85CC-1F0B-0676-43D89B758F43}.Debug|Any CPU.ActiveCfg = Debug|Any CPU
		{ACEB6105-85CC-1F0B-0676-43D89B758F43}.Debug|Any CPU.Build.0 = Debug|Any CPU
		{ACEB6105-85CC-1F0B-0676-43D89B758F43}.Release|Any CPU.ActiveCfg = Release|Any CPU
		{ACEB6105-85CC-1F0B-0676-43D89B758F43}.Release|Any CPU.Build.0 = Release|Any CPU
		{55BAEB8A-9C38-4754-BB00-B1DC2B348F01}.Debug|Any CPU.ActiveCfg = Debug|Any CPU
		{55BAEB8A-9C38-4754-BB00-B1DC2B348F01}.Debug|Any CPU.Build.0 = Debug|Any CPU
		{55BAEB8A-9C38-4754-BB00-B1DC2B348F01}.Release|Any CPU.ActiveCfg = Release|Any CPU
		{55BAEB8A-9C38-4754-BB00-B1DC2B348F01}.Release|Any CPU.Build.0 = Release|Any CPU
	EndGlobalSection
	GlobalSection(SolutionProperties) = preSolution
		HideSolutionNode = FALSE
	EndGlobalSection
	GlobalSection(ExtensibilityGlobals) = postSolution
		SolutionGuid = {A72FC69C-7B1E-42D2-A50F-573180DC2491}
	EndGlobalSection
EndGlobal
